
Microsoft Visual Studio Solution File, Format Version 12.00
# Visual Studio Version 17
VisualStudioVersion = 17.4.33213.308
MinimumVisualStudioVersion = 10.0.40219.1
Project("{FAE04EC0-301F-11D3-BF4B-00C04F79EFBC}") = "WxLogin", "WxLogin\WxLogin.csproj", "{DAE6D9FF-AE96-42D1-BF07-E4D8AEE84894}"
EndProject
Project("{FAE04EC0-301F-11D3-BF4B-00C04F79EFBC}") = "WebApp", "WebApp\WebApp.csproj", "{3DE1C0C0-C29C-470D-8B34-8376D09DEE09}"
EndProject
Global
	GlobalSection(SolutionConfigurationPlatforms) = preSolution
		Debug|Any CPU = Debug|Any CPU
		Release|Any CPU = Release|Any CPU
	EndGlobalSection
	GlobalSection(ProjectConfigurationPlatforms) = postSolution
		{DAE6D9FF-AE96-42D1-BF07-E4D8AEE84894}.Debug|Any CPU.ActiveCfg = Debug|Any CPU
		{DAE6D9FF-AE96-42D1-BF07-E4D8AEE84894}.Debug|Any CPU.Build.0 = Debug|Any CPU
		{DAE6D9FF-AE96-42D1-BF07-E4D8AEE84894}.Release|Any CPU.ActiveCfg = Release|Any CPU
		{DAE6D9FF-AE96-42D1-BF07-E4D8AEE84894}.Release|Any CPU.Build.0 = Release|Any CPU
		{3DE1C0C0-C29C-470D-8B34-8376D09DEE09}.Debug|Any CPU.ActiveCfg = Debug|Any CPU
		{3DE1C0C0-C29C-470D-8B34-8376D09DEE09}.Debug|Any CPU.Build.0 = Debug|Any CPU
		{3DE1C0C0-C29C-470D-8B34-8376D09DEE09}.Release|Any CPU.ActiveCfg = Release|Any CPU
		{3DE1C0C0-C29C-470D-8B34-8376D09DEE09}.Release|Any CPU.Build.0 = Release|Any CPU
	EndGlobalSection
	GlobalSection(SolutionProperties) = preSolution
		HideSolutionNode = FALSE
	EndGlobalSection
	GlobalSection(ExtensibilityGlobals) = postSolution
		SolutionGuid = {1A00D974-493D-4979-934E-25F170F81442}
	EndGlobalSection
EndGlobal
